
Microsoft Visual Studio Solution File, Format Version 12.00
# Visual Studio Version 16
VisualStudioVersion = 16.0.31321.278
MinimumVisualStudioVersion = 10.0.40219.1
Project("{FAE04EC0-301F-11D3-BF4B-00C04F79EFBC}") = "Homework2", "Homework2\Homework2.csproj", "{802A08BC-6992-49F6-83B7-E25A7AD43E7D}"
EndProject
Global
	GlobalSection(SolutionConfigurationPlatforms) = preSolution
		Debug|Any CPU = Debug|Any CPU
		Release|Any CPU = Release|Any CPU
	EndGlobalSection
	GlobalSection(ProjectConfigurationPlatforms) = postSolution
		{802A08BC-6992-49F6-83B7-E25A7AD43E7D}.Debug|Any CPU.ActiveCfg = Debug|Any CPU
		{802A08BC-6992-49F6-83B7-E25A7AD43E7D}.Debug|Any CPU.Build.0 = Debug|Any CPU
		{802A08BC-6992-49F6-83B7-E25A7AD43E7D}.Release|Any CPU.ActiveCfg = Release|Any CPU
		{802A08BC-6992-49F6-83B7-E25A7AD43E7D}.Release|Any CPU.Build.0 = Release|Any CPU
	EndGlobalSection
	GlobalSection(SolutionProperties) = preSolution
		HideSolutionNode = FALSE
	EndGlobalSection
	GlobalSection(ExtensibilityGlobals) = postSolution
		SolutionGuid = {73672F69-5FC9-4194-BE46-AD9AC42A7171}
	EndGlobalSection
EndGlobal
